
Microsoft Visual Studio Solution File, Format Version 12.00
Project("{FAE04EC0-301F-11D3-BF4B-00C04F79EFBC}") = "cwiczenia_3", "cwiczenia_3\cwiczenia_3.csproj", "{9FEEB936-1987-4CFF-8955-EBCD2DCFACC7}"
EndProject
Global
	GlobalSection(SolutionConfigurationPlatforms) = preSolution
		Debug|Any CPU = Debug|Any CPU
		Release|Any CPU = Release|Any CPU
	EndGlobalSection
	GlobalSection(ProjectConfigurationPlatforms) = postSolution
		{9FEEB936-1987-4CFF-8955-EBCD2DCFACC7}.Debug|Any CPU.ActiveCfg = Debug|Any CPU
		{9FEEB936-1987-4CFF-8955-EBCD2DCFACC7}.Debug|Any CPU.Build.0 = Debug|Any CPU
		{9FEEB936-1987-4CFF-8955-EBCD2DCFACC7}.Release|Any CPU.ActiveCfg = Release|Any CPU
		{9FEEB936-1987-4CFF-8955-EBCD2DCFACC7}.Release|Any CPU.Build.0 = Release|Any CPU
	EndGlobalSection
EndGlobal
